
Microsoft Visual Studio Solution File, Format Version 12.00
# Visual Studio Version 17
VisualStudioVersion = 17.6.33801.468
MinimumVisualStudioVersion = 10.0.40219.1
Project("{9A19103F-16F7-4668-BE54-9A1E7A4F7556}") = "BlogsAndPosts", "BlogsAndPosts.csproj", "{FAF77684-73F3-4317-B6FC-85181D7828ED}"
EndProject
Global
	GlobalSection(SolutionConfigurationPlatforms) = preSolution
		Debug|Any CPU = Debug|Any CPU
		Release|Any CPU = Release|Any CPU
	EndGlobalSection
	GlobalSection(ProjectConfigurationPlatforms) = postSolution
		{FAF77684-73F3-4317-B6FC-85181D7828ED}.Debug|Any CPU.ActiveCfg = Debug|Any CPU
		{FAF77684-73F3-4317-B6FC-85181D7828ED}.Debug|Any CPU.Build.0 = Debug|Any CPU
		{FAF77684-73F3-4317-B6FC-85181D7828ED}.Release|Any CPU.ActiveCfg = Release|Any CPU
		{FAF77684-73F3-4317-B6FC-85181D7828ED}.Release|Any CPU.Build.0 = Release|Any CPU
	EndGlobalSection
	GlobalSection(SolutionProperties) = preSolution
		HideSolutionNode = FALSE
	EndGlobalSection
	GlobalSection(ExtensibilityGlobals) = postSolution
		SolutionGuid = {1E1D0870-4F70-4747-AAE3-2AFE8E6770B7}
	EndGlobalSection
EndGlobal
